
Microsoft Visual Studio Solution File, Format Version 12.00
# Visual Studio 15
Project("{FAE04EC0-301F-11D3-BF4B-00C04F79EFBC}") = "DeepSeaWorldApp.Android", "DeepSeaWorldApp.Android\DeepSeaWorldApp.Android.csproj", "{596D3C9C-9A0C-4BD5-9EB6-D37ACD885166}"
EndProject
Project("{FAE04EC0-301F-11D3-BF4B-00C04F79EFBC}") = "DeepSeaWorldApp.iOS", "DeepSeaWorldApp.iOS\DeepSeaWorldApp.iOS.csproj", "{10E2A7FF-2BF5-4C5C-9609-9DF2634FB291}"
EndProject
Project("{FAE04EC0-301F-11D3-BF4B-00C04F79EFBC}") = "DeepSeaWorldApp", "DeepSeaWorldApp\DeepSeaWorldApp.csproj", "{5A98D34F-8950-4DBE-8281-6826E85BAB50}"
EndProject
Global
	GlobalSection(SolutionConfigurationPlatforms) = preSolution
		Debug|Any CPU = Debug|Any CPU
		Release|Any CPU = Release|Any CPU
		Debug|iPhoneSimulator = Debug|iPhoneSimulator
		Release|iPhoneSimulator = Release|iPhoneSimulator
		Debug|iPhone = Debug|iPhone
		Release|iPhone = Release|iPhone
		Ad-Hoc|iPhone = Ad-Hoc|iPhone
		AppStore|iPhone = AppStore|iPhone
	EndGlobalSection
	GlobalSection(ProjectConfigurationPlatforms) = postSolution
		{596D3C9C-9A0C-4BD5-9EB6-D37ACD885166}.Debug|Any CPU.ActiveCfg = Debug|Any CPU
		{596D3C9C-9A0C-4BD5-9EB6-D37ACD885166}.Debug|Any CPU.Build.0 = Debug|Any CPU
		{596D3C9C-9A0C-4BD5-9EB6-D37ACD885166}.Release|Any CPU.ActiveCfg = Release|Any CPU
		{596D3C9C-9A0C-4BD5-9EB6-D37ACD885166}.Release|Any CPU.Build.0 = Release|Any CPU
		{596D3C9C-9A0C-4BD5-9EB6-D37ACD885166}.Debug|iPhoneSimulator.ActiveCfg = Debug|Any CPU
		{596D3C9C-9A0C-4BD5-9EB6-D37ACD885166}.Debug|iPhoneSimulator.Build.0 = Debug|Any CPU
		{596D3C9C-9A0C-4BD5-9EB6-D37ACD885166}.Release|iPhoneSimulator.ActiveCfg = Release|Any CPU
		{596D3C9C-9A0C-4BD5-9EB6-D37ACD885166}.Release|iPhoneSimulator.Build.0 = Release|Any CPU
		{596D3C9C-9A0C-4BD5-9EB6-D37ACD885166}.Debug|iPhone.ActiveCfg = Debug|Any CPU
		{596D3C9C-9A0C-4BD5-9EB6-D37ACD885166}.Debug|iPhone.Build.0 = Debug|Any CPU
		{596D3C9C-9A0C-4BD5-9EB6-D37ACD885166}.Release|iPhone.ActiveCfg = Release|Any CPU
		{596D3C9C-9A0C-4BD5-9EB6-D37ACD885166}.Release|iPhone.Build.0 = Release|Any CPU
		{596D3C9C-9A0C-4BD5-9EB6-D37ACD885166}.Ad-Hoc|iPhone.ActiveCfg = Debug|Any CPU
		{596D3C9C-9A0C-4BD5-9EB6-D37ACD885166}.Ad-Hoc|iPhone.Build.0 = Debug|Any CPU
		{596D3C9C-9A0C-4BD5-9EB6-D37ACD885166}.AppStore|iPhone.ActiveCfg = Debug|Any CPU
		{596D3C9C-9A0C-4BD5-9EB6-D37ACD885166}.AppStore|iPhone.Build.0 = Debug|Any CPU
		{10E2A7FF-2BF5-4C5C-9609-9DF2634FB291}.Debug|Any CPU.ActiveCfg = Debug|iPhoneSimulator
		{10E2A7FF-2BF5-4C5C-9609-9DF2634FB291}.Debug|Any CPU.Build.0 = Debug|iPhoneSimulator
		{10E2A7FF-2BF5-4C5C-9609-9DF2634FB291}.Release|Any CPU.ActiveCfg = Release|iPhoneSimulator
		{10E2A7FF-2BF5-4C5C-9609-9DF2634FB291}.Release|Any CPU.Build.0 = Release|iPhoneSimulator
		{10E2A7FF-2BF5-4C5C-9609-9DF2634FB291}.Debug|iPhoneSimulator.ActiveCfg = Debug|iPhoneSimulator
		{10E2A7FF-2BF5-4C5C-9609-9DF2634FB291}.Debug|iPhoneSimulator.Build.0 = Debug|iPhoneSimulator
		{10E2A7FF-2BF5-4C5C-9609-9DF2634FB291}.Release|iPhoneSimulator.ActiveCfg = Release|iPhoneSimulator
		{10E2A7FF-2BF5-4C5C-9609-9DF2634FB291}.Release|iPhoneSimulator.Build.0 = Release|iPhoneSimulator
		{10E2A7FF-2BF5-4C5C-9609-9DF2634FB291}.Debug|iPhone.ActiveCfg = Debug|iPhone
		{10E2A7FF-2BF5-4C5C-9609-9DF2634FB291}.Debug|iPhone.Build.0 = Debug|iPhone
		{10E2A7FF-2BF5-4C5C-9609-9DF2634FB291}.Release|iPhone.ActiveCfg = Release|iPhone
		{10E2A7FF-2BF5-4C5C-9609-9DF2634FB291}.Release|iPhone.Build.0 = Release|iPhone
		{10E2A7FF-2BF5-4C5C-9609-9DF2634FB291}.Ad-Hoc|iPhone.ActiveCfg = Ad-Hoc|iPhone
		{10E2A7FF-2BF5-4C5C-9609-9DF2634FB291}.Ad-Hoc|iPhone.Build.0 = Ad-Hoc|iPhone
		{10E2A7FF-2BF5-4C5C-9609-9DF2634FB291}.AppStore|iPhone.ActiveCfg = AppStore|iPhone
		{10E2A7FF-2BF5-4C5C-9609-9DF2634FB291}.AppStore|iPhone.Build.0 = AppStore|iPhone
		{5A98D34F-8950-4DBE-8281-6826E85BAB50}.Debug|Any CPU.ActiveCfg = Debug|Any CPU
		{5A98D34F-8950-4DBE-8281-6826E85BAB50}.Debug|Any CPU.Build.0 = Debug|Any CPU
		{5A98D34F-8950-4DBE-8281-6826E85BAB50}.Release|Any CPU.ActiveCfg = Release|Any CPU
		{5A98D34F-8950-4DBE-8281-6826E85BAB50}.Release|Any CPU.Build.0 = Release|Any CPU
		{5A98D34F-8950-4DBE-8281-6826E85BAB50}.Debug|iPhoneSimulator.ActiveCfg = Debug|Any CPU
		{5A98D34F-8950-4DBE-8281-6826E85BAB50}.Debug|iPhoneSimulator.Build.0 = Debug|Any CPU
		{5A98D34F-8950-4DBE-8281-6826E85BAB50}.Release|iPhoneSimulator.ActiveCfg = Release|Any CPU
		{5A98D34F-8950-4DBE-8281-6826E85BAB50}.Release|iPhoneSimulator.Build.0 = Release|Any CPU
		{5A98D34F-8950-4DBE-8281-6826E85BAB50}.Debug|iPhone.ActiveCfg = Debug|Any CPU
		{5A98D34F-8950-4DBE-8281-6826E85BAB50}.Debug|iPhone.Build.0 = Debug|Any CPU
		{5A98D34F-8950-4DBE-8281-6826E85BAB50}.Release|iPhone.ActiveCfg = Release|Any CPU
		{5A98D34F-8950-4DBE-8281-6826E85BAB50}.Release|iPhone.Build.0 = Release|Any CPU
		{5A98D34F-8950-4DBE-8281-6826E85BAB50}.Ad-Hoc|iPhone.ActiveCfg = Debug|Any CPU
		{5A98D34F-8950-4DBE-8281-6826E85BAB50}.Ad-Hoc|iPhone.Build.0 = Debug|Any CPU
		{5A98D34F-8950-4DBE-8281-6826E85BAB50}.AppStore|iPhone.ActiveCfg = Debug|Any CPU
		{5A98D34F-8950-4DBE-8281-6826E85BAB50}.AppStore|iPhone.Build.0 = Debug|Any CPU
	EndGlobalSection
EndGlobal
